
Microsoft Visual Studio Solution File, Format Version 12.00
# Visual Studio Version 16
VisualStudioVersion = 16.0.30907.101
MinimumVisualStudioVersion = 10.0.40219.1
Project("{FAE04EC0-301F-11D3-BF4B-00C04F79EFBC}") = "HPSBYS.WebAPI", "HPSBYS.WebAPI\HPSBYS.WebAPI.csproj", "{14B49701-149A-43E6-AB42-DB189ECB5BD4}"
EndProject
Project("{FAE04EC0-301F-11D3-BF4B-00C04F79EFBC}") = "HPSBYS.Data", "HPSBYS.Data\HPSBYS.Data.csproj", "{C2DCA8A4-DADA-4C1F-8AC8-1A3139EAE927}"
EndProject
Project("{FAE04EC0-301F-11D3-BF4B-00C04F79EFBC}") = "HPSBYS.Web", "HPSBYS.Web\HPSBYS.Web.csproj", "{F05CEEF9-63A8-4C48-83A5-5DAD46AE08DA}"
EndProject
Project("{FAE04EC0-301F-11D3-BF4B-00C04F79EFBC}") = "HPSBYS.StaticWeb", "HPSBYS.StaticWeb\HPSBYS.StaticWeb.csproj", "{D5453EC0-8EE2-410D-B530-CF3CECC8D146}"
EndProject
Project("{FAE04EC0-301F-11D3-BF4B-00C04F79EFBC}") = "HPSBYS.Common", "HPSBYS.Common\HPSBYS.Common.csproj", "{E22E4E1C-928E-43CA-9D4F-C695BB97BB88}"
EndProject
Global
	GlobalSection(SolutionConfigurationPlatforms) = preSolution
		Debug|Any CPU = Debug|Any CPU
		Release|Any CPU = Release|Any CPU
	EndGlobalSection
	GlobalSection(ProjectConfigurationPlatforms) = postSolution
		{14B49701-149A-43E6-AB42-DB189ECB5BD4}.Debug|Any CPU.ActiveCfg = Debug|Any CPU
		{14B49701-149A-43E6-AB42-DB189ECB5BD4}.Debug|Any CPU.Build.0 = Debug|Any CPU
		{14B49701-149A-43E6-AB42-DB189ECB5BD4}.Release|Any CPU.ActiveCfg = Release|Any CPU
		{14B49701-149A-43E6-AB42-DB189ECB5BD4}.Release|Any CPU.Build.0 = Release|Any CPU
		{C2DCA8A4-DADA-4C1F-8AC8-1A3139EAE927}.Debug|Any CPU.ActiveCfg = Debug|Any CPU
		{C2DCA8A4-DADA-4C1F-8AC8-1A3139EAE927}.Debug|Any CPU.Build.0 = Debug|Any CPU
		{C2DCA8A4-DADA-4C1F-8AC8-1A3139EAE927}.Release|Any CPU.ActiveCfg = Release|Any CPU
		{C2DCA8A4-DADA-4C1F-8AC8-1A3139EAE927}.Release|Any CPU.Build.0 = Release|Any CPU
		{F05CEEF9-63A8-4C48-83A5-5DAD46AE08DA}.Debug|Any CPU.ActiveCfg = Debug|Any CPU
		{F05CEEF9-63A8-4C48-83A5-5DAD46AE08DA}.Debug|Any CPU.Build.0 = Debug|Any CPU
		{F05CEEF9-63A8-4C48-83A5-5DAD46AE08DA}.Release|Any CPU.ActiveCfg = Release|Any CPU
		{F05CEEF9-63A8-4C48-83A5-5DAD46AE08DA}.Release|Any CPU.Build.0 = Release|Any CPU
		{D5453EC0-8EE2-410D-B530-CF3CECC8D146}.Debug|Any CPU.ActiveCfg = Debug|Any CPU
		{D5453EC0-8EE2-410D-B530-CF3CECC8D146}.Debug|Any CPU.Build.0 = Debug|Any CPU
		{D5453EC0-8EE2-410D-B530-CF3CECC8D146}.Release|Any CPU.ActiveCfg = Release|Any CPU
		{D5453EC0-8EE2-410D-B530-CF3CECC8D146}.Release|Any CPU.Build.0 = Release|Any CPU
		{E22E4E1C-928E-43CA-9D4F-C695BB97BB88}.Debug|Any CPU.ActiveCfg = Debug|Any CPU
		{E22E4E1C-928E-43CA-9D4F-C695BB97BB88}.Debug|Any CPU.Build.0 = Debug|Any CPU
		{E22E4E1C-928E-43CA-9D4F-C695BB97BB88}.Release|Any CPU.ActiveCfg = Release|Any CPU
		{E22E4E1C-928E-43CA-9D4F-C695BB97BB88}.Release|Any CPU.Build.0 = Release|Any CPU
	EndGlobalSection
	GlobalSection(SolutionProperties) = preSolution
		HideSolutionNode = FALSE
	EndGlobalSection
	GlobalSection(ExtensibilityGlobals) = postSolution
		SolutionGuid = {46C41FE3-BC69-446F-8A26-076B6CED1AD7}
	EndGlobalSection
	GlobalSection(SubversionScc) = preSolution
		Svn-Managed = True
		Manager = AnkhSVN - Subversion Support for Visual Studio
	EndGlobalSection
EndGlobal
